{
  "nodes": {
    "devenv": {
      "locked": {
        "dir": "src/modules",
        "lastModified": 1782305913,
        "narHash": "sha256-CW+mSdVBvJ1kuuXPrx05Kmee8YZUhOQ3gI8H8roFDOY=",
        "owner": "cachix",
        "repo": "devenv",
        "rev": "5f6233e19a31955435e667c20e056ae147498ecc",
        "type": "github"
      },
      "original": {
        "dir": "src/modules",
        "owner": "cachix",
        "repo": "devenv",
        "type": "github"
      }
    },
    "nixpkgs": {
      "locked": {
        "lastModified": 1782116945,
        "narHash": "sha256-G3tw/IXmaH6IQ2upZvhuN9sG8CkuX+BLuJDpE8hz0Ds=",
        "owner": "NixOS",
        "repo": "nixpkgs",
        "rev": "34268251cf5547d39063f2c5ea9a196246f7f3a6",
        "type": "github"
      },
      "original": {
        "owner": "NixOS",
        "ref": "nixos-26.05",
        "repo": "nixpkgs",
        "type": "github"
      }
    },
    "root": {
      "inputs": {
        "devenv": "devenv",
        "nixpkgs": "nixpkgs"
      }
    }
  },
  "root": "root",
  "version": 7
}