PATH
  remote: .
  specs:
    parquet (0.8.0)
      bigdecimal
      rb_sys (~> 0.9.39)

GEM
  remote: https://rubygems.org/
  specs:
    benchmark-memory (0.2.0)
      memory_profiler (~> 1)
    bigdecimal (3.1.5)
    csv (3.3.2)
    logger (1.7.0)
    memory_profiler (1.1.0)
    minitest (5.27.0)
    rake (13.2.1)
    rake-compiler (1.2.9)
      rake
    rake-compiler-dock (1.9.1)
    rb_sys (0.9.110)
      rake-compiler-dock (= 1.9.1)

PLATFORMS
  arm64-darwin-23
  ruby

DEPENDENCIES
  benchmark-memory
  bigdecimal
  csv
  logger
  minitest (~> 5.0)
  parquet!
  rake
  rake-compiler (~> 1.2.0)
  rb_sys (~> 0.9.56)

BUNDLED WITH
   2.6.6
