PATH
  remote: .
  specs:
    sutrolabs-parquet (0.8.1)
      bigdecimal
      rb_sys (~> 0.9.39)

GEM
  remote: https://rubygems.org/
  specs:
    benchmark-memory (0.2.0)
      memory_profiler (~> 1)
    bigdecimal (3.1.5)
    csv (3.3.2)
    logger (1.7.0)
    memory_profiler (1.1.0)
    minitest (5.27.0)
    rake (13.2.1)
    rake-compiler (1.2.9)
      rake
    rake-compiler-dock (1.9.1)
    rb_sys (0.9.110)
      rake-compiler-dock (= 1.9.1)

PLATFORMS
  aarch64-linux
  aarch64-linux-musl
  arm64-darwin
  arm64-darwin-23
  ruby
  x86_64-darwin
  x86_64-linux
  x86_64-linux-musl

DEPENDENCIES
  benchmark-memory
  bigdecimal
  csv
  logger
  minitest (~> 5.0)
  rake
  rake-compiler (~> 1.2.0)
  rb_sys (~> 0.9.56)
  sutrolabs-parquet!

BUNDLED WITH
   2.6.9
